# THIS IS AN AUTOGENERATED FILE. DO NOT EDIT THIS FILE DIRECTLY.
# yarn lockfile v1


"@bulb/deploy-scripts@^3.27.0":
  version "3.27.0"
  resolved "https://bulbenergy.jfrog.io/bulbenergy/api/npm/npm/@bulb/deploy-scripts/-/@bulb/deploy-scripts-3.27.0.tgz#0e27aba985da5cfdb76febaa53ba66fd30bf1fb0"
  integrity sha1-DierqYXaXP23b+uqU7pm/TC/H7A=
